uuid: 045f14c7-a3b3-4519-a001-1ad5975c8c19
langcode: nb
status: true
dependencies:
  module:
    - camposlo
    - system
  theme:
    - oslo2015
id: speaker_block
theme: oslo2015
region: content
weight: -8
provider: null
plugin: speaker_block
settings:
  id: speaker_block
  label: Foredragsholdere
  provider: camposlo
  label_display: visible
  cache:
    max_age: 0
    contexts: {  }
visibility:
  request_path:
    id: request_path
    pages: '<front>'
    negate: false
    context_mapping: {  }
