uuid: 1eb3c884-a0b4-45f9-9200-e6810129acfe
langcode: nb
status: true
dependencies:
  module:
    - camposlo
  theme:
    - oslo2015
id: signup_block
theme: oslo2015
region: content_bottom
weight: -9
provider: null
plugin: signup_block
settings:
  id: signup_block
  label: signup_block
  provider: camposlo
  label_display: '0'
  cache:
    max_age: 0
    contexts: {  }
visibility: {  }
