uuid: 298ea599-0f73-4fd3-9800-dcef9fff8aed
langcode: nb
status: true
dependencies:
  module:
    - camposlo
    - system
  theme:
    - oslo2015
id: about_block
theme: oslo2015
region: content
weight: -4
provider: null
plugin: about_block
settings:
  id: about_block
  label: about_block
  provider: camposlo
  label_display: '0'
  cache:
    max_age: 0
    contexts: {  }
visibility:
  request_path:
    id: request_path
    pages: '<front>'
    negate: false
    context_mapping: {  }
