uuid: e73d4b99-1e3d-4296-9500-ba8cb1469fb8
langcode: nb
status: true
dependencies:
  module:
    - camposlo
  theme:
    - oslo2015
id: contact_block
theme: oslo2015
region: content_bottom
weight: -2
provider: null
plugin: contact_block
settings:
  id: contact_block
  label: Contact
  provider: camposlo
  label_display: '0'
visibility: {  }
